# THIS IS AN AUTOGENERATED FILE. DO NOT EDIT THIS FILE DIRECTLY.
# yarn lockfile v1


vscode-jsonrpc@^3.6.0:
  version "3.6.1"
  resolved "https://registry.yarnpkg.com/vscode-jsonrpc/-/vscode-jsonrpc-3.6.1.tgz#3f9b8f902077da27f1ffd37c7317a77bd4696a49"

vscode-languageserver-protocol@^3.7.0:
  version "3.7.1"
  resolved "https://registry.yarnpkg.com/vscode-languageserver-protocol/-/vscode-languageserver-protocol-3.7.1.tgz#bb15ece97bc73bf8f0a02e9f358c4c61a7df4846"
  dependencies:
    vscode-jsonrpc "^3.6.0"
    vscode-languageserver-types "^3.7.0"

vscode-languageserver-types@^3.7.0:
  version "3.7.1"
  resolved "https://registry.yarnpkg.com/vscode-languageserver-types/-/vscode-languageserver-types-3.7.1.tgz#4835d1c1811f91dd5c92e9446e5b29edd2216969"

vscode-languageserver@^4.1.2:
  version "4.1.2"
  resolved "https://registry.yarnpkg.com/vscode-languageserver/-/vscode-languageserver-4.1.2.tgz#ccff3499c85a1445d00b11b2efa1770c6143ddab"
  dependencies:
    vscode-languageserver-protocol "^3.7.0"
    vscode-uri "^1.0.1"

vscode-uri@^1.0.1:
  version "1.0.3"
  resolved "https://registry.yarnpkg.com/vscode-uri/-/vscode-uri-1.0.3.tgz#631bdbf716dccab0e65291a8dc25c23232085a52"
